
Microsoft Visual Studio Solution File, Format Version 12.00
# Visual Studio 14
VisualStudioVersion = 14.0.25123.0
MinimumVisualStudioVersion = 10.0.40219.1
Project("{FAE04EC0-301F-11D3-BF4B-00C04F79EFBC}") = "Weather", "Weather\Weather.csproj", "{E282AD7B-CBA2-4BA5-BA65-5EE4870FE688}"
EndProject
Project("{FAE04EC0-301F-11D3-BF4B-00C04F79EFBC}") = "Common", "Common\Common.csproj", "{1312D6C4-C1BB-4E9A-997D-6B68295CE8AE}"
EndProject
Project("{8BC9CEB8-8B4A-11D0-8D11-00A0C91BC942}") = "DirectXComponent", "DirectXPanels\DirectXPanels.vcxproj", "{53063DB1-53C4-4149-B0FD-DD019114181E}"
EndProject
Project("{6141683F-8A12-4E36-9623-2EB02B2C2303}") = "Setup", "Setup\Setup.isproj", "{E03EFF15-AAFB-4EF9-9216-01906C8A4402}"
EndProject
Global
	GlobalSection(SolutionConfigurationPlatforms) = preSolution
		CD_ROM|Any CPU = CD_ROM|Any CPU
		CD_ROM|ARM = CD_ROM|ARM
		CD_ROM|x64 = CD_ROM|x64
		CD_ROM|x86 = CD_ROM|x86
		Debug|Any CPU = Debug|Any CPU
		Debug|ARM = Debug|ARM
		Debug|x64 = Debug|x64
		Debug|x86 = Debug|x86
		DVD-5|Any CPU = DVD-5|Any CPU
		DVD-5|ARM = DVD-5|ARM
		DVD-5|x64 = DVD-5|x64
		DVD-5|x86 = DVD-5|x86
		Release|Any CPU = Release|Any CPU
		Release|ARM = Release|ARM
		Release|x64 = Release|x64
		Release|x86 = Release|x86
		SingleImage|Any CPU = SingleImage|Any CPU
		SingleImage|ARM = SingleImage|ARM
		SingleImage|x64 = SingleImage|x64
		SingleImage|x86 = SingleImage|x86
	EndGlobalSection
	GlobalSection(ProjectConfigurationPlatforms) = postSolution
		{E282AD7B-CBA2-4BA5-BA65-5EE4870FE688}.CD_ROM|Any CPU.ActiveCfg = Release|x64
		{E282AD7B-CBA2-4BA5-BA65-5EE4870FE688}.CD_ROM|Any CPU.Build.0 = Release|x64
		{E282AD7B-CBA2-4BA5-BA65-5EE4870FE688}.CD_ROM|Any CPU.Deploy.0 = Release|x64
		{E282AD7B-CBA2-4BA5-BA65-5EE4870FE688}.CD_ROM|ARM.ActiveCfg = Release|ARM
		{E282AD7B-CBA2-4BA5-BA65-5EE4870FE688}.CD_ROM|ARM.Build.0 = Release|ARM
		{E282AD7B-CBA2-4BA5-BA65-5EE4870FE688}.CD_ROM|ARM.Deploy.0 = Release|ARM
		{E282AD7B-CBA2-4BA5-BA65-5EE4870FE688}.CD_ROM|x64.ActiveCfg = Release|x64
		{E282AD7B-CBA2-4BA5-BA65-5EE4870FE688}.CD_ROM|x64.Build.0 = Release|x64
		{E282AD7B-CBA2-4BA5-BA65-5EE4870FE688}.CD_ROM|x64.Deploy.0 = Release|x64
		{E282AD7B-CBA2-4BA5-BA65-5EE4870FE688}.CD_ROM|x86.ActiveCfg = Release|x86
		{E282AD7B-CBA2-4BA5-BA65-5EE4870FE688}.CD_ROM|x86.Build.0 = Release|x86
		{E282AD7B-CBA2-4BA5-BA65-5EE4870FE688}.CD_ROM|x86.Deploy.0 = Release|x86
		{E282AD7B-CBA2-4BA5-BA65-5EE4870FE688}.Debug|Any CPU.ActiveCfg = Debug|x86
		{E282AD7B-CBA2-4BA5-BA65-5EE4870FE688}.Debug|ARM.ActiveCfg = Debug|ARM
		{E282AD7B-CBA2-4BA5-BA65-5EE4870FE688}.Debug|ARM.Build.0 = Debug|ARM
		{E282AD7B-CBA2-4BA5-BA65-5EE4870FE688}.Debug|ARM.Deploy.0 = Debug|ARM
		{E282AD7B-CBA2-4BA5-BA65-5EE4870FE688}.Debug|x64.ActiveCfg = Debug|x64
		{E282AD7B-CBA2-4BA5-BA65-5EE4870FE688}.Debug|x64.Build.0 = Debug|x64
		{E282AD7B-CBA2-4BA5-BA65-5EE4870FE688}.Debug|x64.Deploy.0 = Debug|x64
		{E282AD7B-CBA2-4BA5-BA65-5EE4870FE688}.Debug|x86.ActiveCfg = Debug|x86
		{E282AD7B-CBA2-4BA5-BA65-5EE4870FE688}.Debug|x86.Build.0 = Debug|x86
		{E282AD7B-CBA2-4BA5-BA65-5EE4870FE688}.Debug|x86.Deploy.0 = Debug|x86
		{E282AD7B-CBA2-4BA5-BA65-5EE4870FE688}.DVD-5|Any CPU.ActiveCfg = Release|x64
		{E282AD7B-CBA2-4BA5-BA65-5EE4870FE688}.DVD-5|Any CPU.Build.0 = Release|x64
		{E282AD7B-CBA2-4BA5-BA65-5EE4870FE688}.DVD-5|Any CPU.Deploy.0 = Release|x64
		{E282AD7B-CBA2-4BA5-BA65-5EE4870FE688}.DVD-5|ARM.ActiveCfg = Debug|ARM
		{E282AD7B-CBA2-4BA5-BA65-5EE4870FE688}.DVD-5|ARM.Build.0 = Debug|ARM
		{E282AD7B-CBA2-4BA5-BA65-5EE4870FE688}.DVD-5|ARM.Deploy.0 = Debug|ARM
		{E282AD7B-CBA2-4BA5-BA65-5EE4870FE688}.DVD-5|x64.ActiveCfg = Debug|x64
		{E282AD7B-CBA2-4BA5-BA65-5EE4870FE688}.DVD-5|x64.Build.0 = Debug|x64
		{E282AD7B-CBA2-4BA5-BA65-5EE4870FE688}.DVD-5|x64.Deploy.0 = Debug|x64
		{E282AD7B-CBA2-4BA5-BA65-5EE4870FE688}.DVD-5|x86.ActiveCfg = Debug|x86
		{E282AD7B-CBA2-4BA5-BA65-5EE4870FE688}.DVD-5|x86.Build.0 = Debug|x86
		{E282AD7B-CBA2-4BA5-BA65-5EE4870FE688}.DVD-5|x86.Deploy.0 = Debug|x86
		{E282AD7B-CBA2-4BA5-BA65-5EE4870FE688}.Release|Any CPU.ActiveCfg = Release|x86
		{E282AD7B-CBA2-4BA5-BA65-5EE4870FE688}.Release|ARM.ActiveCfg = Release|ARM
		{E282AD7B-CBA2-4BA5-BA65-5EE4870FE688}.Release|ARM.Build.0 = Release|ARM
		{E282AD7B-CBA2-4BA5-BA65-5EE4870FE688}.Release|ARM.Deploy.0 = Release|ARM
		{E282AD7B-CBA2-4BA5-BA65-5EE4870FE688}.Release|x64.ActiveCfg = Release|x64
		{E282AD7B-CBA2-4BA5-BA65-5EE4870FE688}.Release|x64.Build.0 = Release|x64
		{E282AD7B-CBA2-4BA5-BA65-5EE4870FE688}.Release|x64.Deploy.0 = Release|x64
		{E282AD7B-CBA2-4BA5-BA65-5EE4870FE688}.Release|x86.ActiveCfg = Release|x86
		{E282AD7B-CBA2-4BA5-BA65-5EE4870FE688}.Release|x86.Build.0 = Release|x86
		{E282AD7B-CBA2-4BA5-BA65-5EE4870FE688}.Release|x86.Deploy.0 = Release|x86
		{E282AD7B-CBA2-4BA5-BA65-5EE4870FE688}.SingleImage|Any CPU.ActiveCfg = Release|x64
		{E282AD7B-CBA2-4BA5-BA65-5EE4870FE688}.SingleImage|Any CPU.Build.0 = Release|x64
		{E282AD7B-CBA2-4BA5-BA65-5EE4870FE688}.SingleImage|Any CPU.Deploy.0 = Release|x64
		{E282AD7B-CBA2-4BA5-BA65-5EE4870FE688}.SingleImage|ARM.ActiveCfg = Release|ARM
		{E282AD7B-CBA2-4BA5-BA65-5EE4870FE688}.SingleImage|ARM.Build.0 = Release|ARM
		{E282AD7B-CBA2-4BA5-BA65-5EE4870FE688}.SingleImage|ARM.Deploy.0 = Release|ARM
		{E282AD7B-CBA2-4BA5-BA65-5EE4870FE688}.SingleImage|x64.ActiveCfg = Release|x64
		{E282AD7B-CBA2-4BA5-BA65-5EE4870FE688}.SingleImage|x64.Build.0 = Release|x64
		{E282AD7B-CBA2-4BA5-BA65-5EE4870FE688}.SingleImage|x64.Deploy.0 = Release|x64
		{E282AD7B-CBA2-4BA5-BA65-5EE4870FE688}.SingleImage|x86.ActiveCfg = Release|x86
		{E282AD7B-CBA2-4BA5-BA65-5EE4870FE688}.SingleImage|x86.Build.0 = Release|x86
		{E282AD7B-CBA2-4BA5-BA65-5EE4870FE688}.SingleImage|x86.Deploy.0 = Release|x86
		{1312D6C4-C1BB-4E9A-997D-6B68295CE8AE}.CD_ROM|Any CPU.ActiveCfg = Release|Any CPU
		{1312D6C4-C1BB-4E9A-997D-6B68295CE8AE}.CD_ROM|Any CPU.Build.0 = Release|Any CPU
		{1312D6C4-C1BB-4E9A-997D-6B68295CE8AE}.CD_ROM|ARM.ActiveCfg = Release|ARM
		{1312D6C4-C1BB-4E9A-997D-6B68295CE8AE}.CD_ROM|ARM.Build.0 = Release|ARM
		{1312D6C4-C1BB-4E9A-997D-6B68295CE8AE}.CD_ROM|x64.ActiveCfg = Release|x64
		{1312D6C4-C1BB-4E9A-997D-6B68295CE8AE}.CD_ROM|x64.Build.0 = Release|x64
		{1312D6C4-C1BB-4E9A-997D-6B68295CE8AE}.CD_ROM|x86.ActiveCfg = Release|x86
		{1312D6C4-C1BB-4E9A-997D-6B68295CE8AE}.CD_ROM|x86.Build.0 = Release|x86
		{1312D6C4-C1BB-4E9A-997D-6B68295CE8AE}.Debug|Any CPU.ActiveCfg = Debug|Any CPU
		{1312D6C4-C1BB-4E9A-997D-6B68295CE8AE}.Debug|Any CPU.Build.0 = Debug|Any CPU
		{1312D6C4-C1BB-4E9A-997D-6B68295CE8AE}.Debug|ARM.ActiveCfg = Debug|ARM
		{1312D6C4-C1BB-4E9A-997D-6B68295CE8AE}.Debug|ARM.Build.0 = Debug|ARM
		{1312D6C4-C1BB-4E9A-997D-6B68295CE8AE}.Debug|x64.ActiveCfg = Debug|x64
		{1312D6C4-C1BB-4E9A-997D-6B68295CE8AE}.Debug|x64.Build.0 = Debug|x64
		{1312D6C4-C1BB-4E9A-997D-6B68295CE8AE}.Debug|x86.ActiveCfg = Debug|x86
		{1312D6C4-C1BB-4E9A-997D-6B68295CE8AE}.Debug|x86.Build.0 = Debug|x86
		{1312D6C4-C1BB-4E9A-997D-6B68295CE8AE}.DVD-5|Any CPU.ActiveCfg = Debug|Any CPU
		{1312D6C4-C1BB-4E9A-997D-6B68295CE8AE}.DVD-5|Any CPU.Build.0 = Debug|Any CPU
		{1312D6C4-C1BB-4E9A-997D-6B68295CE8AE}.DVD-5|ARM.ActiveCfg = Debug|ARM
		{1312D6C4-C1BB-4E9A-997D-6B68295CE8AE}.DVD-5|ARM.Build.0 = Debug|ARM
		{1312D6C4-C1BB-4E9A-997D-6B68295CE8AE}.DVD-5|x64.ActiveCfg = Debug|x64
		{1312D6C4-C1BB-4E9A-997D-6B68295CE8AE}.DVD-5|x64.Build.0 = Debug|x64
		{1312D6C4-C1BB-4E9A-997D-6B68295CE8AE}.DVD-5|x86.ActiveCfg = Debug|x86
		{1312D6C4-C1BB-4E9A-997D-6B68295CE8AE}.DVD-5|x86.Build.0 = Debug|x86
		{1312D6C4-C1BB-4E9A-997D-6B68295CE8AE}.Release|Any CPU.ActiveCfg = Release|Any CPU
		{1312D6C4-C1BB-4E9A-997D-6B68295CE8AE}.Release|Any CPU.Build.0 = Release|Any CPU
		{1312D6C4-C1BB-4E9A-997D-6B68295CE8AE}.Release|ARM.ActiveCfg = Release|ARM
		{1312D6C4-C1BB-4E9A-997D-6B68295CE8AE}.Release|ARM.Build.0 = Release|ARM
		{1312D6C4-C1BB-4E9A-997D-6B68295CE8AE}.Release|x64.ActiveCfg = Release|x64
		{1312D6C4-C1BB-4E9A-997D-6B68295CE8AE}.Release|x64.Build.0 = Release|x64
		{1312D6C4-C1BB-4E9A-997D-6B68295CE8AE}.Release|x86.ActiveCfg = Release|x86
		{1312D6C4-C1BB-4E9A-997D-6B68295CE8AE}.Release|x86.Build.0 = Release|x86
		{1312D6C4-C1BB-4E9A-997D-6B68295CE8AE}.SingleImage|Any CPU.ActiveCfg = Release|Any CPU
		{1312D6C4-C1BB-4E9A-997D-6B68295CE8AE}.SingleImage|Any CPU.Build.0 = Release|Any CPU
		{1312D6C4-C1BB-4E9A-997D-6B68295CE8AE}.SingleImage|ARM.ActiveCfg = Release|ARM
		{1312D6C4-C1BB-4E9A-997D-6B68295CE8AE}.SingleImage|ARM.Build.0 = Release|ARM
		{1312D6C4-C1BB-4E9A-997D-6B68295CE8AE}.SingleImage|x64.ActiveCfg = Release|x64
		{1312D6C4-C1BB-4E9A-997D-6B68295CE8AE}.SingleImage|x64.Build.0 = Release|x64
		{1312D6C4-C1BB-4E9A-997D-6B68295CE8AE}.SingleImage|x86.ActiveCfg = Release|x86
		{1312D6C4-C1BB-4E9A-997D-6B68295CE8AE}.SingleImage|x86.Build.0 = Release|x86
		{53063DB1-53C4-4149-B0FD-DD019114181E}.CD_ROM|Any CPU.ActiveCfg = Release|x64
		{53063DB1-53C4-4149-B0FD-DD019114181E}.CD_ROM|Any CPU.Build.0 = Release|x64
		{53063DB1-53C4-4149-B0FD-DD019114181E}.CD_ROM|ARM.ActiveCfg = Release|ARM
		{53063DB1-53C4-4149-B0FD-DD019114181E}.CD_ROM|ARM.Build.0 = Release|ARM
		{53063DB1-53C4-4149-B0FD-DD019114181E}.CD_ROM|x64.ActiveCfg = Release|x64
		{53063DB1-53C4-4149-B0FD-DD019114181E}.CD_ROM|x64.Build.0 = Release|x64
		{53063DB1-53C4-4149-B0FD-DD019114181E}.CD_ROM|x86.ActiveCfg = Release|Win32
		{53063DB1-53C4-4149-B0FD-DD019114181E}.CD_ROM|x86.Build.0 = Release|Win32
		{53063DB1-53C4-4149-B0FD-DD019114181E}.Debug|Any CPU.ActiveCfg = Debug|Win32
		{53063DB1-53C4-4149-B0FD-DD019114181E}.Debug|ARM.ActiveCfg = Debug|ARM
		{53063DB1-53C4-4149-B0FD-DD019114181E}.Debug|ARM.Build.0 = Debug|ARM
		{53063DB1-53C4-4149-B0FD-DD019114181E}.Debug|x64.ActiveCfg = Debug|x64
		{53063DB1-53C4-4149-B0FD-DD019114181E}.Debug|x64.Build.0 = Debug|x64
		{53063DB1-53C4-4149-B0FD-DD019114181E}.Debug|x86.ActiveCfg = Debug|Win32
		{53063DB1-53C4-4149-B0FD-DD019114181E}.Debug|x86.Build.0 = Debug|Win32
		{53063DB1-53C4-4149-B0FD-DD019114181E}.DVD-5|Any CPU.ActiveCfg = Release|x64
		{53063DB1-53C4-4149-B0FD-DD019114181E}.DVD-5|Any CPU.Build.0 = Release|x64
		{53063DB1-53C4-4149-B0FD-DD019114181E}.DVD-5|ARM.ActiveCfg = Debug|ARM
		{53063DB1-53C4-4149-B0FD-DD019114181E}.DVD-5|ARM.Build.0 = Debug|ARM
		{53063DB1-53C4-4149-B0FD-DD019114181E}.DVD-5|x64.ActiveCfg = Debug|x64
		{53063DB1-53C4-4149-B0FD-DD019114181E}.DVD-5|x64.Build.0 = Debug|x64
		{53063DB1-53C4-4149-B0FD-DD019114181E}.DVD-5|x86.ActiveCfg = Debug|Win32
		{53063DB1-53C4-4149-B0FD-DD019114181E}.DVD-5|x86.Build.0 = Debug|Win32
		{53063DB1-53C4-4149-B0FD-DD019114181E}.Release|Any CPU.ActiveCfg = Release|Win32
		{53063DB1-53C4-4149-B0FD-DD019114181E}.Release|ARM.ActiveCfg = Release|ARM
		{53063DB1-53C4-4149-B0FD-DD019114181E}.Release|ARM.Build.0 = Release|ARM
		{53063DB1-53C4-4149-B0FD-DD019114181E}.Release|x64.ActiveCfg = Release|x64
		{53063DB1-53C4-4149-B0FD-DD019114181E}.Release|x64.Build.0 = Release|x64
		{53063DB1-53C4-4149-B0FD-DD019114181E}.Release|x86.ActiveCfg = Release|Win32
		{53063DB1-53C4-4149-B0FD-DD019114181E}.Release|x86.Build.0 = Release|Win32
		{53063DB1-53C4-4149-B0FD-DD019114181E}.SingleImage|Any CPU.ActiveCfg = Release|x64
		{53063DB1-53C4-4149-B0FD-DD019114181E}.SingleImage|Any CPU.Build.0 = Release|x64
		{53063DB1-53C4-4149-B0FD-DD019114181E}.SingleImage|ARM.ActiveCfg = Release|ARM
		{53063DB1-53C4-4149-B0FD-DD019114181E}.SingleImage|ARM.Build.0 = Release|ARM
		{53063DB1-53C4-4149-B0FD-DD019114181E}.SingleImage|x64.ActiveCfg = Release|x64
		{53063DB1-53C4-4149-B0FD-DD019114181E}.SingleImage|x64.Build.0 = Release|x64
		{53063DB1-53C4-4149-B0FD-DD019114181E}.SingleImage|x86.ActiveCfg = Release|Win32
		{53063DB1-53C4-4149-B0FD-DD019114181E}.SingleImage|x86.Build.0 = Release|Win32
		{E03EFF15-AAFB-4EF9-9216-01906C8A4402}.CD_ROM|Any CPU.ActiveCfg = CD_ROM
		{E03EFF15-AAFB-4EF9-9216-01906C8A4402}.CD_ROM|Any CPU.Build.0 = CD_ROM
		{E03EFF15-AAFB-4EF9-9216-01906C8A4402}.CD_ROM|ARM.ActiveCfg = CD_ROM
		{E03EFF15-AAFB-4EF9-9216-01906C8A4402}.CD_ROM|ARM.Build.0 = CD_ROM
		{E03EFF15-AAFB-4EF9-9216-01906C8A4402}.CD_ROM|x64.ActiveCfg = CD_ROM
		{E03EFF15-AAFB-4EF9-9216-01906C8A4402}.CD_ROM|x64.Build.0 = CD_ROM
		{E03EFF15-AAFB-4EF9-9216-01906C8A4402}.CD_ROM|x86.ActiveCfg = CD_ROM
		{E03EFF15-AAFB-4EF9-9216-01906C8A4402}.CD_ROM|x86.Build.0 = CD_ROM
		{E03EFF15-AAFB-4EF9-9216-01906C8A4402}.Debug|Any CPU.ActiveCfg = DVD-5
		{E03EFF15-AAFB-4EF9-9216-01906C8A4402}.Debug|Any CPU.Build.0 = DVD-5
		{E03EFF15-AAFB-4EF9-9216-01906C8A4402}.Debug|ARM.ActiveCfg = DVD-5
		{E03EFF15-AAFB-4EF9-9216-01906C8A4402}.Debug|ARM.Build.0 = DVD-5
		{E03EFF15-AAFB-4EF9-9216-01906C8A4402}.Debug|x64.ActiveCfg = DVD-5
		{E03EFF15-AAFB-4EF9-9216-01906C8A4402}.Debug|x64.Build.0 = DVD-5
		{E03EFF15-AAFB-4EF9-9216-01906C8A4402}.Debug|x86.ActiveCfg = DVD-5
		{E03EFF15-AAFB-4EF9-9216-01906C8A4402}.Debug|x86.Build.0 = DVD-5
		{E03EFF15-AAFB-4EF9-9216-01906C8A4402}.DVD-5|Any CPU.ActiveCfg = DVD-5
		{E03EFF15-AAFB-4EF9-9216-01906C8A4402}.DVD-5|Any CPU.Build.0 = DVD-5
		{E03EFF15-AAFB-4EF9-9216-01906C8A4402}.DVD-5|ARM.ActiveCfg = DVD-5
		{E03EFF15-AAFB-4EF9-9216-01906C8A4402}.DVD-5|ARM.Build.0 = DVD-5
		{E03EFF15-AAFB-4EF9-9216-01906C8A4402}.DVD-5|x64.ActiveCfg = DVD-5
		{E03EFF15-AAFB-4EF9-9216-01906C8A4402}.DVD-5|x64.Build.0 = DVD-5
		{E03EFF15-AAFB-4EF9-9216-01906C8A4402}.DVD-5|x86.ActiveCfg = DVD-5
		{E03EFF15-AAFB-4EF9-9216-01906C8A4402}.DVD-5|x86.Build.0 = DVD-5
		{E03EFF15-AAFB-4EF9-9216-01906C8A4402}.Release|Any CPU.ActiveCfg = SingleImage
		{E03EFF15-AAFB-4EF9-9216-01906C8A4402}.Release|Any CPU.Build.0 = SingleImage
		{E03EFF15-AAFB-4EF9-9216-01906C8A4402}.Release|ARM.ActiveCfg = SingleImage
		{E03EFF15-AAFB-4EF9-9216-01906C8A4402}.Release|ARM.Build.0 = SingleImage
		{E03EFF15-AAFB-4EF9-9216-01906C8A4402}.Release|x64.ActiveCfg = SingleImage
		{E03EFF15-AAFB-4EF9-9216-01906C8A4402}.Release|x64.Build.0 = SingleImage
		{E03EFF15-AAFB-4EF9-9216-01906C8A4402}.Release|x86.ActiveCfg = SingleImage
		{E03EFF15-AAFB-4EF9-9216-01906C8A4402}.Release|x86.Build.0 = SingleImage
		{E03EFF15-AAFB-4EF9-9216-01906C8A4402}.SingleImage|Any CPU.ActiveCfg = SingleImage
		{E03EFF15-AAFB-4EF9-9216-01906C8A4402}.SingleImage|Any CPU.Build.0 = SingleImage
		{E03EFF15-AAFB-4EF9-9216-01906C8A4402}.SingleImage|ARM.ActiveCfg = SingleImage
		{E03EFF15-AAFB-4EF9-9216-01906C8A4402}.SingleImage|ARM.Build.0 = SingleImage
		{E03EFF15-AAFB-4EF9-9216-01906C8A4402}.SingleImage|x64.ActiveCfg = SingleImage
		{E03EFF15-AAFB-4EF9-9216-01906C8A4402}.SingleImage|x64.Build.0 = SingleImage
		{E03EFF15-AAFB-4EF9-9216-01906C8A4402}.SingleImage|x86.ActiveCfg = SingleImage
		{E03EFF15-AAFB-4EF9-9216-01906C8A4402}.SingleImage|x86.Build.0 = SingleImage
	EndGlobalSection
	GlobalSection(SolutionProperties) = preSolution
		HideSolutionNode = FALSE
	EndGlobalSection
EndGlobal
